
Microsoft Visual Studio Solution File, Format Version 12.00
# Visual Studio Version 17
VisualStudioVersion = 17.3.32811.315
MinimumVisualStudioVersion = 10.0.40219.1
Project("{FAE04EC0-301F-11D3-BF4B-00C04F79EFBC}") = "LomasFormApi", ".\LomasFormApi\LomasFormApi.csproj", "{4E4B8A7B-443F-477F-8F74-2009B67DEC14}"
EndProject
Project("{9A19103F-16F7-4668-BE54-9A1E7A4F7556}") = "Domain", ".\Domain\Domain.csproj", "{8E0B24C6-7EA8-4DD1-9354-2C3B62C0A708}"
EndProject
Global
	GlobalSection(SolutionConfigurationPlatforms) = preSolution
		Debug|Any CPU = Debug|Any CPU
		Release|Any CPU = Release|Any CPU
	EndGlobalSection
	GlobalSection(ProjectConfigurationPlatforms) = postSolution
		{4E4B8A7B-443F-477F-8F74-2009B67DEC14}.Debug|Any CPU.ActiveCfg = Debug|Any CPU
		{4E4B8A7B-443F-477F-8F74-2009B67DEC14}.Debug|Any CPU.Build.0 = Debug|Any CPU
		{4E4B8A7B-443F-477F-8F74-2009B67DEC14}.Release|Any CPU.ActiveCfg = Release|Any CPU
		{4E4B8A7B-443F-477F-8F74-2009B67DEC14}.Release|Any CPU.Build.0 = Release|Any CPU
		{8E0B24C6-7EA8-4DD1-9354-2C3B62C0A708}.Debug|Any CPU.ActiveCfg = Debug|Any CPU
		{8E0B24C6-7EA8-4DD1-9354-2C3B62C0A708}.Debug|Any CPU.Build.0 = Debug|Any CPU
		{8E0B24C6-7EA8-4DD1-9354-2C3B62C0A708}.Release|Any CPU.ActiveCfg = Release|Any CPU
		{8E0B24C6-7EA8-4DD1-9354-2C3B62C0A708}.Release|Any CPU.Build.0 = Release|Any CPU
	EndGlobalSection
	GlobalSection(SolutionProperties) = preSolution
		HideSolutionNode = FALSE
	EndGlobalSection
	GlobalSection(ExtensibilityGlobals) = postSolution
		SolutionGuid = {B944B88F-BE09-4EC1-A0B5-356006426CC4}
	EndGlobalSection
EndGlobal
